// !$*UTF8*$!
{
	archiveVersion = 1;
	classes = {
	};
	objectVersion = 50;
	objects = {

/* Begin PBXBuildFile section */
		E711A624470A77DF5F17CB93 /* Pods_DI_Test_Practice.framework in Frameworks */ = {isa = PBXBuildFile; fileRef = 8204EDC29B2A53D24EF521F7 /* Pods_DI_Test_Practice.framework */; };
		E9034EB726C297F300CC7FD2 /* DI_Test_PracticeApp.swift in Sources */ = {isa = PBXBuildFile; fileRef = E9034EB626C297F300CC7FD2 /* DI_Test_PracticeApp.swift */; };
		E9034EB926C297F300CC7FD2 /* ContentView.swift in Sources */ = {isa = PBXBuildFile; fileRef = E9034EB826C297F300CC7FD2 /* ContentView.swift */; };
		E9034EBB26C297F400CC7FD2 /* Assets.xcassets in Resources */ = {isa = PBXBuildFile; fileRef = E9034EBA26C297F400CC7FD2 /* Assets.xcassets */; };
		E9034EBE26C297F400CC7FD2 /* Preview Assets.xcassets in Resources */ = {isa = PBXBuildFile; fileRef = E9034EBD26C297F400CC7FD2 /* Preview Assets.xcassets */; };
/* End PBXBuildFile section */

/* Begin PBXFileReference section */
		22BBC12F8124136BEE973F44 /* Pods-DI-Test-Practice.debug.xcconfig */ = {isa = PBXFileReference; includeInIndex = 1; lastKnownFileType = text.xcconfig; name = "Pods-DI-Test-Practice.debug.xcconfig"; path = "Target Support Files/Pods-DI-Test-Practice/Pods-DI-Test-Practice.debug.xcconfig"; sourceTree = "<group>"; };
		8204EDC29B2A53D24EF521F7 /* Pods_DI_Test_Practice.framework */ = {isa = PBXFileReference; explicitFileType = wrapper.framework; includeInIndex = 0; path = Pods_DI_Test_Practice.framework; sourceTree = BUILT_PRODUCTS_DIR; };
		DA4C6AB493D61E9AA2F6533D /* Pods-DI-Test-Practice.release.xcconfig */ = {isa = PBXFileReference; includeInIndex = 1; lastKnownFileType = text.xcconfig; name = "Pods-DI-Test-Practice.release.xcconfig"; path = "Target Support Files/Pods-DI-Test-Practice/Pods-DI-Test-Practice.release.xcconfig"; sourceTree = "<group>"; };
		E9034EB326C297F300CC7FD2 /* DI-Test-Practice.app */ = {isa = PBXFileReference; explicitFileType = wrapper.application; includeInIndex = 0; path = "DI-Test-Practice.app"; sourceTree = BUILT_PRODUCTS_DIR; };
		E9034EB626C297F300CC7FD2 /* DI_Test_PracticeApp.swift */ = {isa = PBXFileReference; lastKnownFileType = sourcecode.swift; path = DI_Test_PracticeApp.swift; sourceTree = "<group>"; };
		E9034EB826C297F300CC7FD2 /* ContentView.swift */ = {isa = PBXFileReference; lastKnownFileType = sourcecode.swift; path = ContentView.swift; sourceTree = "<group>"; };
		E9034EBA26C297F400CC7FD2 /* Assets.xcassets */ = {isa = PBXFileReference; lastKnownFileType = folder.assetcatalog; path = Assets.xcassets; sourceTree = "<group>"; };
		E9034EBD26C297F400CC7FD2 /* Preview Assets.xcassets */ = {isa = PBXFileReference; lastKnownFileType = folder.assetcatalog; path = "Preview Assets.xcassets"; sourceTree = "<group>"; };
		E9034EBF26C297F400CC7FD2 /* Info.plist */ = {isa = PBXFileReference; lastKnownFileType = text.plist.xml; path = Info.plist; sourceTree = "<group>"; };
/* End PBXFileReference section */

/* Begin PBXFrameworksBuildPhase section */
		E9034EB026C297F300CC7FD2 /* Frameworks */ = {
			isa = PBXFrameworksBuildPhase;
			buildActionMask = 2147483647;
			files = (
				E711A624470A77DF5F17CB93 /* Pods_DI_Test_Practice.framework in Frameworks */,
			);
			runOnlyForDeploymentPostprocessing = 0;
		};
/* End PBXFrameworksBuildPhase section */

/* Begin PBXGroup section */
		34EFADF0AD22B66871253D44 /* Pods */ = {
			isa = PBXGroup;
			children = (
				22BBC12F8124136BEE973F44 /* Pods-DI-Test-Practice.debug.xcconfig */,
				DA4C6AB493D61E9AA2F6533D /* Pods-DI-Test-Practice.release.xcconfig */,
			);
			name = Pods;
			path = Pods;
			sourceTree = "<group>";
		};
		E3903A40870BE23664A9C22A /* Frameworks */ = {
			isa = PBXGroup;
			children = (
				8204EDC29B2A53D24EF521F7 /* Pods_DI_Test_Practice.framework */,
			);
			name = Frameworks;
			sourceTree = "<group>";
		};
		E9034EAA26C297F300CC7FD2 = {
			isa = PBXGroup;
			children = (
				E9034EB526C297F300CC7FD2 /* DI-Test-Practice */,
				E9034EB426C297F300CC7FD2 /* Products */,
				34EFADF0AD22B66871253D44 /* Pods */,
				E3903A40870BE23664A9C22A /* Frameworks */,
			);
			sourceTree = "<group>";
		};
		E9034EB426C297F300CC7FD2 /* Products */ = {
			isa = PBXGroup;
			children = (
				E9034EB326C297F300CC7FD2 /* DI-Test-Practice.app */,
			);
			name = Products;
			sourceTree = "<group>";
		};
		E9034EB526C297F300CC7FD2 /* DI-Test-Practice */ = {
			isa = PBXGroup;
			children = (
				E9034EB626C297F300CC7FD2 /* DI_Test_PracticeApp.swift */,
				E9034EB826C297F300CC7FD2 /* ContentView.swift */,
				E9034EBA26C297F400CC7FD2 /* Assets.xcassets */,
				E9034EBF26C297F400CC7FD2 /* Info.plist */,
				E9034EBC26C297F400CC7FD2 /* Preview Content */,
			);
			path = "DI-Test-Practice";
			sourceTree = "<group>";
		};
		E9034EBC26C297F400CC7FD2 /* Preview Content */ = {
			isa = PBXGroup;
			children = (
				E9034EBD26C297F400CC7FD2 /* Preview Assets.xcassets */,
			);
			path = "Preview Content";
			sourceTree = "<group>";
		};
/* End PBXGroup section */

/* Begin PBXNativeTarget section */
		E9034EB226C297F300CC7FD2 /* DI-Test-Practice */ = {
			isa = PBXNativeTarget;
			buildConfigurationList = E9034EC226C297F400CC7FD2 /* Build configuration list for PBXNativeTarget "DI-Test-Practice" */;
			buildPhases = (
				B86ADC6683381F571FEE693F /* [CP] Check Pods Manifest.lock */,
				E9034EAF26C297F300CC7FD2 /* Sources */,
				E9034EB026C297F300CC7FD2 /* Frameworks */,
				E9034EB126C297F300CC7FD2 /* Resources */,
			);
			buildRules = (
			);
			dependencies = (
			);
			name = "DI-Test-Practice";
			productName = "DI-Test-Practice";
			productReference = E9034EB326C297F300CC7FD2 /* DI-Test-Practice.app */;
			productType = "com.apple.product-type.application";
		};
/* End PBXNativeTarget section */

/* Begin PBXProject section */
		E9034EAB26C297F300CC7FD2 /* Project object */ = {
			isa = PBXProject;
			attributes = {
				LastSwiftUpdateCheck = 1250;
				LastUpgradeCheck = 1250;
				TargetAttributes = {
					E9034EB226C297F300CC7FD2 = {
						CreatedOnToolsVersion = 12.5.1;
					};
				};
			};
			buildConfigurationList = E9034EAE26C297F300CC7FD2 /* Build configuration list for PBXProject "DI-Test-Practice" */;
			compatibilityVersion = "Xcode 9.3";
			developmentRegion = en;
			hasScannedForEncodings = 0;
			knownRegions = (
				en,
				Base,
			);
			mainGroup = E9034EAA26C297F300CC7FD2;
			productRefGroup = E9034EB426C297F300CC7FD2 /* Products */;
			projectDirPath = "";
			projectRoot = "";
			targets = (
				E9034EB226C297F300CC7FD2 /* DI-Test-Practice */,
			);
		};
/* End PBXProject section */

/* Begin PBXResourcesBuildPhase section */
		E9034EB126C297F300CC7FD2 /* Resources */ = {
			isa = PBXResourcesBuildPhase;
			buildActionMask = 2147483647;
			files = (
				E9034EBE26C297F400CC7FD2 /* Preview Assets.xcassets in Resources */,
				E9034EBB26C297F400CC7FD2 /* Assets.xcassets in Resources */,
			);
			runOnlyForDeploymentPostprocessing = 0;
		};
/* End PBXResourcesBuildPhase section */

/* Begin PBXShellScriptBuildPhase section */
		B86ADC6683381F571FEE693F /* [CP] Check Pods Manifest.lock */ = {
			isa = PBXShellScriptBuildPhase;
			buildActionMask = 2147483647;
			files = (
			);
			inputFileListPaths = (
			);
			inputPaths = (
				"${PODS_PODFILE_DIR_PATH}/Podfile.lock",
				"${PODS_ROOT}/Manifest.lock",
			);
			name = "[CP] Check Pods Manifest.lock";
			outputFileListPaths = (
			);
			outputPaths = (
				"$(DERIVED_FILE_DIR)/Pods-DI-Test-Practice-checkManifestLockResult.txt",
			);
			runOnlyForDeploymentPostprocessing = 0;
			shellPath = /bin/sh;
			shellScript = "diff \"${PODS_PODFILE_DIR_PATH}/Podfile.lock\" \"${PODS_ROOT}/Manifest.lock\" > /dev/null\nif [ $? != 0 ] ; then\n    # print error to STDERR\n    echo \"error: The sandbox is not in sync with the Podfile.lock. Run 'pod install' or update your CocoaPods installation.\" >&2\n    exit 1\nfi\n# This output is used by Xcode 'outputs' to avoid re-running this script phase.\necho \"SUCCESS\" > \"${SCRIPT_OUTPUT_FILE_0}\"\n";
			showEnvVarsInLog = 0;
		};
/* End PBXShellScriptBuildPhase section */

/* Begin PBXSourcesBuildPhase section */
		E9034EAF26C297F300CC7FD2 /* Sources */ = {
			isa = PBXSourcesBuildPhase;
			buildActionMask = 2147483647;
			files = (
				E9034EB926C297F300CC7FD2 /* ContentView.swift in Sources */,
				E9034EB726C297F300CC7FD2 /* DI_Test_PracticeApp.swift in Sources */,
			);
			runOnlyForDeploymentPostprocessing = 0;
		};
/* End PBXSourcesBuildPhase section */

/* Begin XCBuildConfiguration section */
		E9034EC026C297F400CC7FD2 /* Debug */ = {
			isa = XCBuildConfiguration;
			buildSettings = {
				ALWAYS_SEARCH_USER_PATHS = NO;
				CLANG_ANALYZER_NONNULL = YES;
				CLANG_ANALYZER_NUMBER_OBJECT_CONVERSION = YES_AGGRESSIVE;
				CLANG_CXX_LANGUAGE_STANDARD = "gnu++14";
				CLANG_CXX_LIBRARY = "libc++";
				CLANG_ENABLE_MODULES = YES;
				CLANG_ENABLE_OBJC_ARC = YES;
				CLANG_ENABLE_OBJC_WEAK = YES;
				CLANG_WARN_BLOCK_CAPTURE_AUTORELEASING = YES;
				CLANG_WARN_BOOL_CONVERSION = YES;
				CLANG_WARN_COMMA = YES;
				CLANG_WARN_CONSTANT_CONVERSION = YES;
				CLANG_WARN_DEPRECATED_OBJC_IMPLEMENTATIONS = YES;
				CLANG_WARN_DIRECT_OBJC_ISA_USAGE = YES_ERROR;
				CLANG_WARN_DOCUMENTATION_COMMENTS = YES;
				CLANG_WARN_EMPTY_BODY = YES;
				CLANG_WARN_ENUM_CONVERSION = YES;
				CLANG_WARN_INFINITE_RECURSION = YES;
				CLANG_WARN_INT_CONVERSION = YES;
				CLANG_WARN_NON_LITERAL_NULL_CONVERSION = YES;
				CLANG_WARN_OBJC_IMPLICIT_RETAIN_SELF = YES;
				CLANG_WARN_OBJC_LITERAL_CONVERSION = YES;
				CLANG_WARN_OBJC_ROOT_CLASS = YES_ERROR;
				CLANG_WARN_QUOTED_INCLUDE_IN_FRAMEWORK_HEADER = YES;
				CLANG_WARN_RANGE_LOOP_ANALYSIS = YES;
				CLANG_WARN_STRICT_PROTOTYPES = YES;
				CLANG_WARN_SUSPICIOUS_MOVE = YES;
				CLANG_WARN_UNGUARDED_AVAILABILITY = YES_AGGRESSIVE;
				CLANG_WARN_UNREACHABLE_CODE = YES;
				CLANG_WARN__DUPLICATE_METHOD_MATCH = YES;
				COPY_PHASE_STRIP = NO;
				DEBUG_INFORMATION_FORMAT = dwarf;
				ENABLE_STRICT_OBJC_MSGSEND = YES;
				ENABLE_TESTABILITY = YES;
				GCC_C_LANGUAGE_STANDARD = gnu11;
				GCC_DYNAMIC_NO_PIC = NO;
				GCC_NO_COMMON_BLOCKS = YES;
				GCC_OPTIMIZATION_LEVEL = 0;
				GCC_PREPROCESSOR_DEFINITIONS = (
					"DEBUG=1",
					"$(inherited)",
				);
				GCC_WARN_64_TO_32_BIT_CONVERSION = YES;
				GCC_WARN_ABOUT_RETURN_TYPE = YES_ERROR;
				GCC_WARN_UNDECLARED_SELECTOR = YES;
				GCC_WARN_UNINITIALIZED_AUTOS = YES_AGGRESSIVE;
				GCC_WARN_UNUSED_FUNCTION = YES;
				GCC_WARN_UNUSED_VARIABLE = YES;
				IPHONEOS_DEPLOYMENT_TARGET = 14.5;
				MTL_ENABLE_DEBUG_INFO = INCLUDE_SOURCE;
				MTL_FAST_MATH = YES;
				ONLY_ACTIVE_ARCH = YES;
				SDKROOT = iphoneos;
				SWIFT_ACTIVE_COMPILATION_CONDITIONS = DEBUG;
				SWIFT_OPTIMIZATION_LEVEL = "-Onone";
			};
			name = Debug;
		};
		E9034EC126C297F400CC7FD2 /* Release */ = {
			isa = XCBuildConfiguration;
			buildSettings = {
				ALWAYS_SEARCH_USER_PATHS = NO;
				CLANG_ANALYZER_NONNULL = YES;
				CLANG_ANALYZER_NUMBER_OBJECT_CONVERSION = YES_AGGRESSIVE;
				CLANG_CXX_LANGUAGE_STANDARD = "gnu++14";
				CLANG_CXX_LIBRARY = "libc++";
				CLANG_ENABLE_MODULES = YES;
				CLANG_ENABLE_OBJC_ARC = YES;
				CLANG_ENABLE_OBJC_WEAK = YES;
				CLANG_WARN_BLOCK_CAPTURE_AUTORELEASING = YES;
				CLANG_WARN_BOOL_CONVERSION = YES;
				CLANG_WARN_COMMA = YES;
				CLANG_WARN_CONSTANT_CONVERSION = YES;
				CLANG_WARN_DEPRECATED_OBJC_IMPLEMENTATIONS = YES;
				CLANG_WARN_DIRECT_OBJC_ISA_USAGE = YES_ERROR;
				CLANG_WARN_DOCUMENTATION_COMMENTS = YES;
				CLANG_WARN_EMPTY_BODY = YES;
				CLANG_WARN_ENUM_CONVERSION = YES;
				CLANG_WARN_INFINITE_RECURSION = YES;
				CLANG_WARN_INT_CONVERSION = YES;
				CLANG_WARN_NON_LITERAL_NULL_CONVERSION = YES;
				CLANG_WARN_OBJC_IMPLICIT_RETAIN_SELF = YES;
				CLANG_WARN_OBJC_LITERAL_CONVERSION = YES;
				CLANG_WARN_OBJC_ROOT_CLASS = YES_ERROR;
				CLANG_WARN_QUOTED_INCLUDE_IN_FRAMEWORK_HEADER = YES;
				CLANG_WARN_RANGE_LOOP_ANALYSIS = YES;
				CLANG_WARN_STRICT_PROTOTYPES = YES;
				CLANG_WARN_SUSPICIOUS_MOVE = YES;
				CLANG_WARN_UNGUARDED_AVAILABILITY = YES_AGGRESSIVE;
				CLANG_WARN_UNREACHABLE_CODE = YES;
				CLANG_WARN__DUPLICATE_METHOD_MATCH = YES;
				COPY_PHASE_STRIP = NO;
				DEBUG_INFORMATION_FORMAT = "dwarf-with-dsym";
				ENABLE_NS_ASSERTIONS = NO;
				ENABLE_STRICT_OBJC_MSGSEND = YES;
				GCC_C_LANGUAGE_STANDARD = gnu11;
				GCC_NO_COMMON_BLOCKS = YES;
				GCC_WARN_64_TO_32_BIT_CONVERSION = YES;
				GCC_WARN_ABOUT_RETURN_TYPE = YES_ERROR;
				GCC_WARN_UNDECLARED_SELECTOR = YES;
				GCC_WARN_UNINITIALIZED_AUTOS = YES_AGGRESSIVE;
				GCC_WARN_UNUSED_FUNCTION = YES;
				GCC_WARN_UNUSED_VARIABLE = YES;
				IPHONEOS_DEPLOYMENT_TARGET = 14.5;
				MTL_ENABLE_DEBUG_INFO = NO;
				MTL_FAST_MATH = YES;
				SDKROOT = iphoneos;
				SWIFT_COMPILATION_MODE = wholemodule;
				SWIFT_OPTIMIZATION_LEVEL = "-O";
				VALIDATE_PRODUCT = YES;
			};
			name = Release;
		};
		E9034EC326C297F400CC7FD2 /* Debug */ = {
			isa = XCBuildConfiguration;
			baseConfigurationReference = 22BBC12F8124136BEE973F44 /* Pods-DI-Test-Practice.debug.xcconfig */;
			buildSettings = {
				ASSETCATALOG_COMPILER_APPICON_NAME = AppIcon;
				ASSETCATALOG_COMPILER_GLOBAL_ACCENT_COLOR_NAME = AccentColor;
				CODE_SIGN_STYLE = Automatic;
				DEVELOPMENT_ASSET_PATHS = "\"DI-Test-Practice/Preview Content\"";
				DEVELOPMENT_TEAM = ZWEWBEBF96;
				ENABLE_PREVIEWS = YES;
				INFOPLIST_FILE = "DI-Test-Practice/Info.plist";
				IPHONEOS_DEPLOYMENT_TARGET = 14.0;
				LD_RUNPATH_SEARCH_PATHS = (
					"$(inherited)",
					"@executable_path/Frameworks",
				);
				PRODUCT_BUNDLE_IDENTIFIER = "com.ioscs.DI-Test-Practice";
				PRODUCT_NAME = "$(TARGET_NAME)";
				SWIFT_VERSION = 5.0;
				TARGETED_DEVICE_FAMILY = "1,2";
			};
			name = Debug;
		};
		E9034EC426C297F400CC7FD2 /* Release */ = {
			isa = XCBuildConfiguration;
			baseConfigurationReference = DA4C6AB493D61E9AA2F6533D /* Pods-DI-Test-Practice.release.xcconfig */;
			buildSettings = {
				ASSETCATALOG_COMPILER_APPICON_NAME = AppIcon;
				ASSETCATALOG_COMPILER_GLOBAL_ACCENT_COLOR_NAME = AccentColor;
				CODE_SIGN_STYLE = Automatic;
				DEVELOPMENT_ASSET_PATHS = "\"DI-Test-Practice/Preview Content\"";
				DEVELOPMENT_TEAM = ZWEWBEBF96;
				ENABLE_PREVIEWS = YES;
				INFOPLIST_FILE = "DI-Test-Practice/Info.plist";
				IPHONEOS_DEPLOYMENT_TARGET = 14.0;
				LD_RUNPATH_SEARCH_PATHS = (
					"$(inherited)",
					"@executable_path/Frameworks",
				);
				PRODUCT_BUNDLE_IDENTIFIER = "com.ioscs.DI-Test-Practice";
				PRODUCT_NAME = "$(TARGET_NAME)";
				SWIFT_VERSION = 5.0;
				TARGETED_DEVICE_FAMILY = "1,2";
			};
			name = Release;
		};
/* End XCBuildConfiguration section */

/* Begin XCConfigurationList section */
		E9034EAE26C297F300CC7FD2 /* Build configuration list for PBXProject "DI-Test-Practice" */ = {
			isa = XCConfigurationList;
			buildConfigurations = (
				E9034EC026C297F400CC7FD2 /* Debug */,
				E9034EC126C297F400CC7FD2 /* Release */,
			);
			defaultConfigurationIsVisible = 0;
			defaultConfigurationName = Release;
		};
		E9034EC226C297F400CC7FD2 /* Build configuration list for PBXNativeTarget "DI-Test-Practice" */ = {
			isa = XCConfigurationList;
			buildConfigurations = (
				E9034EC326C297F400CC7FD2 /* Debug */,
				E9034EC426C297F400CC7FD2 /* Release */,
			);
			defaultConfigurationIsVisible = 0;
			defaultConfigurationName = Release;
		};
/* End XCConfigurationList section */
	};
	rootObject = E9034EAB26C297F300CC7FD2 /* Project object */;
}
